
Microsoft Visual Studio Solution File, Format Version 10.00
# Visual Studio 2008
Project("{FAE04EC0-301F-11D3-BF4B-00C04F79EFBC}") = "Samples.AddIn.StandardPipeline.Contracts", "Microsoft.Samples.AddIn.StandardPipeline.Contracts\Samples.AddIn.StandardPipeline.Contracts.csproj", "{0EB63635-0DD8-4162-A965-72919FA92E26}"
EndProject
Global
	GlobalSection(TeamFoundationVersionControl) = preSolution
		SccNumberOfProjects = 2
		SccEnterpriseProvider = {4CA58AB2-18FA-4F8D-95D4-32DDF27D184C}
		SccTeamFoundationServer = https://tfs05.codeplex.com/
		SccLocalPath0 = .
		SccProjectUniqueName1 = Microsoft.Samples.AddIn.StandardPipeline.Contracts\\Samples.AddIn.StandardPipeline.Contracts.csproj
		SccProjectName1 = Microsoft.Samples.AddIn.StandardPipeline.Contracts
		SccLocalPath1 = Microsoft.Samples.AddIn.StandardPipeline.Contracts
	EndGlobalSection
	GlobalSection(SolutionConfigurationPlatforms) = preSolution
		Debug|Any CPU = Debug|Any CPU
		Release|Any CPU = Release|Any CPU
	EndGlobalSection
	GlobalSection(ProjectConfigurationPlatforms) = postSolution
		{0EB63635-0DD8-4162-A965-72919FA92E26}.Debug|Any CPU.ActiveCfg = Debug|Any CPU
		{0EB63635-0DD8-4162-A965-72919FA92E26}.Debug|Any CPU.Build.0 = Debug|Any CPU
		{0EB63635-0DD8-4162-A965-72919FA92E26}.Release|Any CPU.ActiveCfg = Release|Any CPU
		{0EB63635-0DD8-4162-A965-72919FA92E26}.Release|Any CPU.Build.0 = Release|Any CPU
	EndGlobalSection
	GlobalSection(SolutionProperties) = preSolution
		HideSolutionNode = FALSE
	EndGlobalSection
EndGlobal
